// !$*UTF8*$!
{
	archiveVersion = 1;
	classes = {
	};
	objectVersion = 46;
	objects = {

/* Begin PBXBuildFile section */
		157040721E2FB737000A1C52 /* IniPrefReader.cpp in Sources */ = {isa = PBXBuildFile; fileRef = 157040701E2FB737000A1C52 /* IniPrefReader.cpp */; };
		157040751E2FCB12000A1C52 /* EigenUtils.cpp in Sources */ = {isa = PBXBuildFile; fileRef = 157040731E2FCB12000A1C52 /* EigenUtils.cpp */; };
		15E19CB21ECCBC0B006520C8 /* Settings.cpp in Sources */ = {isa = PBXBuildFile; fileRef = 15E19CB01ECCBC0B006520C8 /* Settings.cpp */; };
		15E2003B1ECCD020009B01A8 /* FsUtils.cpp in Sources */ = {isa = PBXBuildFile; fileRef = 15E200391ECCD020009B01A8 /* FsUtils.cpp */; };
		15E28E2A1ECC987E00DEAF3F /* Simulation.cpp in Sources */ = {isa = PBXBuildFile; fileRef = 15E28E281ECC987E00DEAF3F /* Simulation.cpp */; };
		15E28E2D1ECC994900DEAF3F /* SimData.cpp in Sources */ = {isa = PBXBuildFile; fileRef = 15E28E2B1ECC994900DEAF3F /* SimData.cpp */; };
		4106FBF41DE8838C0049F08A /* test-sim.ini in CopyFiles */ = {isa = PBXBuildFile; fileRef = 4106FBF31DE883870049F08A /* test-sim.ini */; };
		41EB6D8A1DE0578400208099 /* main.cpp in Sources */ = {isa = PBXBuildFile; fileRef = 41EB6D891DE0578400208099 /* main.cpp */; };
		41EB6D921DE057A300208099 /* TWMC_evolve.cpp in Sources */ = {isa = PBXBuildFile; fileRef = 41EB6D901DE057A300208099 /* TWMC_evolve.cpp */; };
/* End PBXBuildFile section */

/* Begin PBXCopyFilesBuildPhase section */
		41EB6D841DE0578400208099 /* CopyFiles */ = {
			isa = PBXCopyFilesBuildPhase;
			buildActionMask = 12;
			dstPath = "";
			dstSubfolderSpec = 16;
			files = (
				4106FBF41DE8838C0049F08A /* test-sim.ini in CopyFiles */,
			);
			runOnlyForDeploymentPostprocessing = 0;
		};
/* End PBXCopyFilesBuildPhase section */

/* Begin PBXFileReference section */
		156DF41E1E5F4EF100AACA63 /* Makefile */ = {isa = PBXFileReference; fileEncoding = 4; lastKnownFileType = sourcecode.make; path = Makefile; sourceTree = "<group>"; };
		157040701E2FB737000A1C52 /* IniPrefReader.cpp */ = {isa = PBXFileReference; fileEncoding = 4; lastKnownFileType = sourcecode.cpp.cpp; path = IniPrefReader.cpp; sourceTree = "<group>"; };
		157040711E2FB737000A1C52 /* IniPrefReader.hpp */ = {isa = PBXFileReference; fileEncoding = 4; lastKnownFileType = sourcecode.cpp.h; path = IniPrefReader.hpp; sourceTree = "<group>"; };
		157040731E2FCB12000A1C52 /* EigenUtils.cpp */ = {isa = PBXFileReference; fileEncoding = 4; lastKnownFileType = sourcecode.cpp.cpp; path = EigenUtils.cpp; sourceTree = "<group>"; };
		157040741E2FCB12000A1C52 /* EigenUtils.hpp */ = {isa = PBXFileReference; fileEncoding = 4; lastKnownFileType = sourcecode.cpp.h; path = EigenUtils.hpp; sourceTree = "<group>"; };
		15E19CB01ECCBC0B006520C8 /* Settings.cpp */ = {isa = PBXFileReference; fileEncoding = 4; lastKnownFileType = sourcecode.cpp.cpp; name = Settings.cpp; path = "TWMC++/Settings.cpp"; sourceTree = "<group>"; };
		15E19CB11ECCBC0B006520C8 /* Settings.hpp */ = {isa = PBXFileReference; fileEncoding = 4; lastKnownFileType = sourcecode.cpp.h; name = Settings.hpp; path = "TWMC++/Settings.hpp"; sourceTree = "<group>"; };
		15E19CB61ECCC280006520C8 /* FilesystemUtils.cpp */ = {isa = PBXFileReference; fileEncoding = 4; lastKnownFileType = sourcecode.cpp.cpp; path = FilesystemUtils.cpp; sourceTree = "<group>"; };
		15E19CB71ECCC281006520C8 /* FilesystemUtils.hpp */ = {isa = PBXFileReference; fileEncoding = 4; lastKnownFileType = sourcecode.cpp.h; path = FilesystemUtils.hpp; sourceTree = "<group>"; };
		15E200391ECCD020009B01A8 /* FsUtils.cpp */ = {isa = PBXFileReference; fileEncoding = 4; lastKnownFileType = sourcecode.cpp.cpp; path = FsUtils.cpp; sourceTree = "<group>"; };
		15E2003A1ECCD020009B01A8 /* FsUtils.hpp */ = {isa = PBXFileReference; fileEncoding = 4; lastKnownFileType = sourcecode.cpp.h; path = FsUtils.hpp; sourceTree = "<group>"; };
		15E28E281ECC987E00DEAF3F /* Simulation.cpp */ = {isa = PBXFileReference; fileEncoding = 4; lastKnownFileType = sourcecode.cpp.cpp; name = Simulation.cpp; path = "TWMC++/Simulation.cpp"; sourceTree = "<group>"; };
		15E28E291ECC987E00DEAF3F /* Simulation.hpp */ = {isa = PBXFileReference; fileEncoding = 4; lastKnownFileType = sourcecode.cpp.h; name = Simulation.hpp; path = "TWMC++/Simulation.hpp"; sourceTree = "<group>"; };
		15E28E2B1ECC994900DEAF3F /* SimData.cpp */ = {isa = PBXFileReference; fileEncoding = 4; lastKnownFileType = sourcecode.cpp.cpp; name = SimData.cpp; path = "TWMC++/SimData.cpp"; sourceTree = "<group>"; };
		15E28E2C1ECC994900DEAF3F /* SimData.hpp */ = {isa = PBXFileReference; fileEncoding = 4; lastKnownFileType = sourcecode.cpp.h; name = SimData.hpp; path = "TWMC++/SimData.hpp"; sourceTree = "<group>"; };
		15E28E331ECC9C2B00DEAF3F /* TWMCSimulation.cpp */ = {isa = PBXFileReference; fileEncoding = 4; lastKnownFileType = sourcecode.cpp.cpp; name = TWMCSimulation.cpp; path = "TWMC++/TWMCSimulation.cpp"; sourceTree = "<group>"; };
		15E28E341ECC9C2B00DEAF3F /* TWMCSimulation.hpp */ = {isa = PBXFileReference; fileEncoding = 4; lastKnownFileType = sourcecode.cpp.h; name = TWMCSimulation.hpp; path = "TWMC++/TWMCSimulation.hpp"; sourceTree = "<group>"; };
		15E28E361ECC9C3900DEAF3F /* TWMCSimData.cpp */ = {isa = PBXFileReference; fileEncoding = 4; lastKnownFileType = sourcecode.cpp.cpp; name = TWMCSimData.cpp; path = "TWMC++/TWMCSimData.cpp"; sourceTree = "<group>"; };
		15E28E371ECC9C3900DEAF3F /* TWMCSimData.hpp */ = {isa = PBXFileReference; fileEncoding = 4; lastKnownFileType = sourcecode.cpp.h; name = TWMCSimData.hpp; path = "TWMC++/TWMCSimData.hpp"; sourceTree = "<group>"; };
		15E28E391ECC9DD000DEAF3F /* TWMCTypes.h */ = {isa = PBXFileReference; lastKnownFileType = sourcecode.c.h; name = TWMCTypes.h; path = "TWMC++/TWMCTypes.h"; sourceTree = "<group>"; };
		15E28E3B1ECCAE5200DEAF3F /* oldMain.cpp */ = {isa = PBXFileReference; fileEncoding = 4; lastKnownFileType = sourcecode.cpp.cpp; path = oldMain.cpp; sourceTree = "<group>"; };
		4106FBF31DE883870049F08A /* test-sim.ini */ = {isa = PBXFileReference; fileEncoding = 4; lastKnownFileType = text; path = "test-sim.ini"; sourceTree = "<group>"; };
		410770221ECCFA720004675C /* CustomTypes.h */ = {isa = PBXFileReference; lastKnownFileType = sourcecode.c.h; name = CustomTypes.h; path = "TWMC++/CustomTypes.h"; sourceTree = "<group>"; };
		41EB6D861DE0578400208099 /* TWMC++ */ = {isa = PBXFileReference; explicitFileType = "compiled.mach-o.executable"; includeInIndex = 0; path = "TWMC++"; sourceTree = BUILT_PRODUCTS_DIR; };
		41EB6D891DE0578400208099 /* main.cpp */ = {isa = PBXFileReference; lastKnownFileType = sourcecode.cpp.cpp; path = main.cpp; sourceTree = "<group>"; };
		41EB6D901DE057A300208099 /* TWMC_evolve.cpp */ = {isa = PBXFileReference; fileEncoding = 4; lastKnownFileType = sourcecode.cpp.cpp; path = TWMC_evolve.cpp; sourceTree = "<group>"; };
		41EB6D911DE057A300208099 /* TWMC_evolve.hpp */ = {isa = PBXFileReference; fileEncoding = 4; lastKnownFileType = sourcecode.cpp.h; path = TWMC_evolve.hpp; sourceTree = "<group>"; };
		41EB6D931DE057C900208099 /* TWMC_structures.h */ = {isa = PBXFileReference; lastKnownFileType = sourcecode.c.h; path = TWMC_structures.h; sourceTree = "<group>"; };
		41FC8E4F1DE2426F007F461B /* WorkerThread.cpp */ = {isa = PBXFileReference; fileEncoding = 4; lastKnownFileType = sourcecode.cpp.cpp; name = WorkerThread.cpp; path = "TWMC++/WorkerThread.cpp"; sourceTree = "<group>"; };
		41FC8E501DE2426F007F461B /* WorkerThread.hpp */ = {isa = PBXFileReference; fileEncoding = 4; lastKnownFileType = sourcecode.cpp.h; name = WorkerThread.hpp; path = "TWMC++/WorkerThread.hpp"; sourceTree = "<group>"; };
/* End PBXFileReference section */

/* Begin PBXFrameworksBuildPhase section */
		41EB6D831DE0578400208099 /* Frameworks */ = {
			isa = PBXFrameworksBuildPhase;
			buildActionMask = 2147483647;
			files = (
			);
			runOnlyForDeploymentPostprocessing = 0;
		};
/* End PBXFrameworksBuildPhase section */

/* Begin PBXGroup section */
		15E28E311ECC9C1000DEAF3F /* Base */ = {
			isa = PBXGroup;
			children = (
				15E28E2B1ECC994900DEAF3F /* SimData.cpp */,
				15E28E2C1ECC994900DEAF3F /* SimData.hpp */,
				15E28E281ECC987E00DEAF3F /* Simulation.cpp */,
				15E28E291ECC987E00DEAF3F /* Simulation.hpp */,
				41FC8E4F1DE2426F007F461B /* WorkerThread.cpp */,
				41FC8E501DE2426F007F461B /* WorkerThread.hpp */,
				15E19CB01ECCBC0B006520C8 /* Settings.cpp */,
				15E19CB11ECCBC0B006520C8 /* Settings.hpp */,
				410770221ECCFA720004675C /* CustomTypes.h */,
			);
			name = Base;
			sourceTree = "<group>";
		};
		15E28E321ECC9C1600DEAF3F /* TWMC */ = {
			isa = PBXGroup;
			children = (
				15E28E361ECC9C3900DEAF3F /* TWMCSimData.cpp */,
				15E28E371ECC9C3900DEAF3F /* TWMCSimData.hpp */,
				15E28E331ECC9C2B00DEAF3F /* TWMCSimulation.cpp */,
				15E28E341ECC9C2B00DEAF3F /* TWMCSimulation.hpp */,
				15E28E391ECC9DD000DEAF3F /* TWMCTypes.h */,
			);
			name = TWMC;
			sourceTree = "<group>";
		};
		15E28E3A1ECCA4CD00DEAF3F /* Delete */ = {
			isa = PBXGroup;
			children = (
				41EB6D931DE057C900208099 /* TWMC_structures.h */,
				41EB6D901DE057A300208099 /* TWMC_evolve.cpp */,
				41EB6D911DE057A300208099 /* TWMC_evolve.hpp */,
			);
			name = Delete;
			path = "TWMC++";
			sourceTree = "<group>";
		};
		41EB6D7D1DE0578400208099 = {
			isa = PBXGroup;
			children = (
				15E28E321ECC9C1600DEAF3F /* TWMC */,
				15E28E311ECC9C1000DEAF3F /* Base */,
				156DF41E1E5F4EF100AACA63 /* Makefile */,
				41EB6D881DE0578400208099 /* TWMC++ */,
				15E28E3A1ECCA4CD00DEAF3F /* Delete */,
				41EB6D871DE0578400208099 /* Products */,
			);
			sourceTree = "<group>";
		};
		41EB6D871DE0578400208099 /* Products */ = {
			isa = PBXGroup;
			children = (
				41EB6D861DE0578400208099 /* TWMC++ */,
			);
			name = Products;
			sourceTree = "<group>";
		};
		41EB6D881DE0578400208099 /* TWMC++ */ = {
			isa = PBXGroup;
			children = (
				4106FBF31DE883870049F08A /* test-sim.ini */,
				41EB6D891DE0578400208099 /* main.cpp */,
				15E28E3B1ECCAE5200DEAF3F /* oldMain.cpp */,
				157040701E2FB737000A1C52 /* IniPrefReader.cpp */,
				157040711E2FB737000A1C52 /* IniPrefReader.hpp */,
				157040731E2FCB12000A1C52 /* EigenUtils.cpp */,
				157040741E2FCB12000A1C52 /* EigenUtils.hpp */,
				15E19CB61ECCC280006520C8 /* FilesystemUtils.cpp */,
				15E19CB71ECCC281006520C8 /* FilesystemUtils.hpp */,
				15E200391ECCD020009B01A8 /* FsUtils.cpp */,
				15E2003A1ECCD020009B01A8 /* FsUtils.hpp */,
			);
			path = "TWMC++";
			sourceTree = "<group>";
		};
/* End PBXGroup section */

/* Begin PBXNativeTarget section */
		41EB6D851DE0578400208099 /* TWMC++ */ = {
			isa = PBXNativeTarget;
			buildConfigurationList = 41EB6D8D1DE0578400208099 /* Build configuration list for PBXNativeTarget "TWMC++" */;
			buildPhases = (
				41EB6D821DE0578400208099 /* Sources */,
				41EB6D831DE0578400208099 /* Frameworks */,
				41EB6D841DE0578400208099 /* CopyFiles */,
				156DF41D1E5DC54C00AACA63 /* ShellScript */,
			);
			buildRules = (
			);
			dependencies = (
			);
			name = "TWMC++";
			productName = "TWMC-test";
			productReference = 41EB6D861DE0578400208099 /* TWMC++ */;
			productType = "com.apple.product-type.tool";
		};
/* End PBXNativeTarget section */

/* Begin PBXProject section */
		41EB6D7E1DE0578400208099 /* Project object */ = {
			isa = PBXProject;
			attributes = {
				LastUpgradeCheck = 0820;
				ORGANIZATIONNAME = "Filippo Vicentini";
				TargetAttributes = {
					41EB6D851DE0578400208099 = {
						CreatedOnToolsVersion = 8.1;
						ProvisioningStyle = Automatic;
					};
				};
			};
			buildConfigurationList = 41EB6D811DE0578400208099 /* Build configuration list for PBXProject "TWMC++" */;
			compatibilityVersion = "Xcode 3.2";
			developmentRegion = English;
			hasScannedForEncodings = 0;
			knownRegions = (
				en,
			);
			mainGroup = 41EB6D7D1DE0578400208099;
			productRefGroup = 41EB6D871DE0578400208099 /* Products */;
			projectDirPath = "";
			projectRoot = "";
			targets = (
				41EB6D851DE0578400208099 /* TWMC++ */,
			);
		};
/* End PBXProject section */

/* Begin PBXShellScriptBuildPhase section */
		156DF41D1E5DC54C00AACA63 /* ShellScript */ = {
			isa = PBXShellScriptBuildPhase;
			buildActionMask = 2147483647;
			files = (
			);
			inputPaths = (
			);
			outputPaths = (
			);
			runOnlyForDeploymentPostprocessing = 0;
			shellPath = /bin/bash;
			shellScript = "# alias g++='g++  -stdlib=libc++'\n# make";
		};
/* End PBXShellScriptBuildPhase section */

/* Begin PBXSourcesBuildPhase section */
		41EB6D821DE0578400208099 /* Sources */ = {
			isa = PBXSourcesBuildPhase;
			buildActionMask = 2147483647;
			files = (
				15E28E2D1ECC994900DEAF3F /* SimData.cpp in Sources */,
				15E28E2A1ECC987E00DEAF3F /* Simulation.cpp in Sources */,
				41EB6D8A1DE0578400208099 /* main.cpp in Sources */,
				157040751E2FCB12000A1C52 /* EigenUtils.cpp in Sources */,
				15E19CB21ECCBC0B006520C8 /* Settings.cpp in Sources */,
				41EB6D921DE057A300208099 /* TWMC_evolve.cpp in Sources */,
				15E2003B1ECCD020009B01A8 /* FsUtils.cpp in Sources */,
				157040721E2FB737000A1C52 /* IniPrefReader.cpp in Sources */,
			);
			runOnlyForDeploymentPostprocessing = 0;
		};
/* End PBXSourcesBuildPhase section */

/* Begin XCBuildConfiguration section */
		41EB6D8B1DE0578400208099 /* Debug */ = {
			isa = XCBuildConfiguration;
			buildSettings = {
				ALWAYS_SEARCH_USER_PATHS = NO;
				CLANG_ANALYZER_NONNULL = YES;
				CLANG_CXX_LANGUAGE_STANDARD = "gnu++0x";
				CLANG_CXX_LIBRARY = "libc++";
				CLANG_ENABLE_MODULES = YES;
				CLANG_ENABLE_OBJC_ARC = YES;
				CLANG_WARN_BOOL_CONVERSION = YES;
				CLANG_WARN_CONSTANT_CONVERSION = YES;
				CLANG_WARN_DIRECT_OBJC_ISA_USAGE = YES_ERROR;
				CLANG_WARN_DOCUMENTATION_COMMENTS = YES;
				CLANG_WARN_EMPTY_BODY = YES;
				CLANG_WARN_ENUM_CONVERSION = YES;
				CLANG_WARN_INFINITE_RECURSION = YES;
				CLANG_WARN_INT_CONVERSION = YES;
				CLANG_WARN_OBJC_ROOT_CLASS = YES_ERROR;
				CLANG_WARN_SUSPICIOUS_MOVE = YES;
				CLANG_WARN_SUSPICIOUS_MOVES = YES;
				CLANG_WARN_UNREACHABLE_CODE = YES;
				CLANG_WARN__DUPLICATE_METHOD_MATCH = YES;
				CODE_SIGN_IDENTITY = "-";
				COPY_PHASE_STRIP = NO;
				DEBUG_INFORMATION_FORMAT = dwarf;
				ENABLE_STRICT_OBJC_MSGSEND = YES;
				ENABLE_TESTABILITY = YES;
				GCC_C_LANGUAGE_STANDARD = gnu99;
				GCC_DYNAMIC_NO_PIC = NO;
				GCC_NO_COMMON_BLOCKS = YES;
				GCC_OPTIMIZATION_LEVEL = 0;
				GCC_PREPROCESSOR_DEFINITIONS = (
					"DEBUG=1",
					"$(inherited)",
				);
				GCC_WARN_64_TO_32_BIT_CONVERSION = YES;
				GCC_WARN_ABOUT_RETURN_TYPE = YES_ERROR;
				GCC_WARN_UNDECLARED_SELECTOR = YES;
				GCC_WARN_UNINITIALIZED_AUTOS = YES_AGGRESSIVE;
				GCC_WARN_UNUSED_FUNCTION = YES;
				GCC_WARN_UNUSED_VARIABLE = YES;
				MACOSX_DEPLOYMENT_TARGET = 10.10;
				MTL_ENABLE_DEBUG_INFO = YES;
				ONLY_ACTIVE_ARCH = YES;
				SDKROOT = macosx;
			};
			name = Debug;
		};
		41EB6D8C1DE0578400208099 /* Release */ = {
			isa = XCBuildConfiguration;
			buildSettings = {
				ALWAYS_SEARCH_USER_PATHS = NO;
				CLANG_ANALYZER_NONNULL = YES;
				CLANG_CXX_LANGUAGE_STANDARD = "gnu++0x";
				CLANG_CXX_LIBRARY = "libc++";
				CLANG_ENABLE_MODULES = YES;
				CLANG_ENABLE_OBJC_ARC = YES;
				CLANG_WARN_BOOL_CONVERSION = YES;
				CLANG_WARN_CONSTANT_CONVERSION = YES;
				CLANG_WARN_DIRECT_OBJC_ISA_USAGE = YES_ERROR;
				CLANG_WARN_DOCUMENTATION_COMMENTS = YES;
				CLANG_WARN_EMPTY_BODY = YES;
				CLANG_WARN_ENUM_CONVERSION = YES;
				CLANG_WARN_INFINITE_RECURSION = YES;
				CLANG_WARN_INT_CONVERSION = YES;
				CLANG_WARN_OBJC_ROOT_CLASS = YES_ERROR;
				CLANG_WARN_SUSPICIOUS_MOVE = YES;
				CLANG_WARN_SUSPICIOUS_MOVES = YES;
				CLANG_WARN_UNREACHABLE_CODE = YES;
				CLANG_WARN__DUPLICATE_METHOD_MATCH = YES;
				CODE_SIGN_IDENTITY = "-";
				COPY_PHASE_STRIP = NO;
				DEBUG_INFORMATION_FORMAT = "dwarf-with-dsym";
				ENABLE_NS_ASSERTIONS = NO;
				ENABLE_STRICT_OBJC_MSGSEND = YES;
				GCC_C_LANGUAGE_STANDARD = gnu99;
				GCC_NO_COMMON_BLOCKS = YES;
				GCC_OPTIMIZATION_LEVEL = fast;
				GCC_WARN_64_TO_32_BIT_CONVERSION = YES;
				GCC_WARN_ABOUT_RETURN_TYPE = YES_ERROR;
				GCC_WARN_UNDECLARED_SELECTOR = YES;
				GCC_WARN_UNINITIALIZED_AUTOS = YES_AGGRESSIVE;
				GCC_WARN_UNUSED_FUNCTION = YES;
				GCC_WARN_UNUSED_VARIABLE = YES;
				MACOSX_DEPLOYMENT_TARGET = 10.10;
				MTL_ENABLE_DEBUG_INFO = NO;
				SDKROOT = macosx;
			};
			name = Release;
		};
		41EB6D8E1DE0578400208099 /* Debug */ = {
			isa = XCBuildConfiguration;
			buildSettings = {
				HEADER_SEARCH_PATHS = (
					/usr/local/include,
					/usr/local/include/eigen3/,
				);
				LIBRARY_SEARCH_PATHS = /usr/local/lib;
				MACOSX_DEPLOYMENT_TARGET = 10.8;
				OTHER_LDFLAGS = (
					"-lfftw3_threads",
					"-lfftw3",
					"-lm",
					"-lboost_program_options",
					"-lboost_filesystem",
					"-lboost_system",
				);
				PRODUCT_NAME = "$(TARGET_NAME)";
			};
			name = Debug;
		};
		41EB6D8F1DE0578400208099 /* Release */ = {
			isa = XCBuildConfiguration;
			buildSettings = {
				HEADER_SEARCH_PATHS = (
					/usr/local/include,
					/usr/local/include/eigen3/,
				);
				LIBRARY_SEARCH_PATHS = /usr/local/lib;
				MACOSX_DEPLOYMENT_TARGET = 10.8;
				OTHER_LDFLAGS = (
					"-lfftw3_threads",
					"-lfftw3",
					"-lm",
					"-lboost_program_options",
					"-lboost_filesystem",
					"-lboost_system",
				);
				PRODUCT_NAME = "$(TARGET_NAME)";
			};
			name = Release;
		};
/* End XCBuildConfiguration section */

/* Begin XCConfigurationList section */
		41EB6D811DE0578400208099 /* Build configuration list for PBXProject "TWMC++" */ = {
			isa = XCConfigurationList;
			buildConfigurations = (
				41EB6D8B1DE0578400208099 /* Debug */,
				41EB6D8C1DE0578400208099 /* Release */,
			);
			defaultConfigurationIsVisible = 0;
			defaultConfigurationName = Release;
		};
		41EB6D8D1DE0578400208099 /* Build configuration list for PBXNativeTarget "TWMC++" */ = {
			isa = XCConfigurationList;
			buildConfigurations = (
				41EB6D8E1DE0578400208099 /* Debug */,
				41EB6D8F1DE0578400208099 /* Release */,
			);
			defaultConfigurationIsVisible = 0;
			defaultConfigurationName = Release;
		};
/* End XCConfigurationList section */
	};
	rootObject = 41EB6D7E1DE0578400208099 /* Project object */;
}
