// !$*UTF8*$!
{
	archiveVersion = 1;
	classes = {
	};
	objectVersion = 46;
	objects = {

/* Begin PBXBuildFile section */
		156BE7F41F7925D000B0EBB1 /* TWMCThermoSimulation.cpp in Sources */ = {isa = PBXBuildFile; fileRef = 156BE7F21F7925D000B0EBB1 /* TWMCThermoSimulation.cpp */; };
		156BE7F71F7925E100B0EBB1 /* TWMCThermoThreadManager.cpp in Sources */ = {isa = PBXBuildFile; fileRef = 156BE7F51F7925E100B0EBB1 /* TWMCThermoThreadManager.cpp */; };
		156BE7FA1F79267600B0EBB1 /* TWMCThermoResults.cpp in Sources */ = {isa = PBXBuildFile; fileRef = 156BE7F81F79267600B0EBB1 /* TWMCThermoResults.cpp */; };
		158926D01EDDB1D900ACB233 /* TaskResults.cpp in Sources */ = {isa = PBXBuildFile; fileRef = 158926CE1EDDB1D900ACB233 /* TaskResults.cpp */; };
		158926D41EDDB45A00ACB233 /* TaskData.cpp in Sources */ = {isa = PBXBuildFile; fileRef = 158926D21EDDB45A00ACB233 /* TaskData.cpp */; };
		158926D81EDED27F00ACB233 /* TWMCAppendThreadManager.cpp in Sources */ = {isa = PBXBuildFile; fileRef = 158926D61EDED27F00ACB233 /* TWMCAppendThreadManager.cpp */; };
		158C2E511F6BD56B0081B2BC /* ChunkRegister.cpp in Sources */ = {isa = PBXBuildFile; fileRef = 158C2E4F1F6BD56B0081B2BC /* ChunkRegister.cpp */; };
		158C2E571F6C02D10081B2BC /* ChunkFileSet.cpp in Sources */ = {isa = PBXBuildFile; fileRef = 158C2E551F6C02D10081B2BC /* ChunkFileSet.cpp */; };
		15CC1C691F84F261002E6118 /* NoisyMatrix.cpp in Sources */ = {isa = PBXBuildFile; fileRef = 15CC1C671F84F261002E6118 /* NoisyMatrix.cpp */; };
		15E19CB21ECCBC0B006520C8 /* Settings.cpp in Sources */ = {isa = PBXBuildFile; fileRef = 15E19CB01ECCBC0B006520C8 /* Settings.cpp */; };
		15E2003B1ECCD020009B01A8 /* FsUtils.cpp in Sources */ = {isa = PBXBuildFile; fileRef = 15E200391ECCD020009B01A8 /* FsUtils.cpp */; };
		15E28E2A1ECC987E00DEAF3F /* Task.cpp in Sources */ = {isa = PBXBuildFile; fileRef = 15E28E281ECC987E00DEAF3F /* Task.cpp */; };
		411FE8F01ED39B2C00595C7A /* ManagerFactory.cpp in Sources */ = {isa = PBXBuildFile; fileRef = 411FE8EE1ED39B2C00595C7A /* ManagerFactory.cpp */; };
		411FE8F11ED3AC5B00595C7A /* TWMCSimData.cpp in Sources */ = {isa = PBXBuildFile; fileRef = 15E28E361ECC9C3900DEAF3F /* TWMCSimData.cpp */; };
		411FE8F21ED3AC5E00595C7A /* TWMCSimulation.cpp in Sources */ = {isa = PBXBuildFile; fileRef = 15E28E331ECC9C2B00DEAF3F /* TWMCSimulation.cpp */; };
		411FE8F31ED3AC7700595C7A /* EigenUtils.cpp in Sources */ = {isa = PBXBuildFile; fileRef = 157040731E2FCB12000A1C52 /* EigenUtils.cpp */; };
		412ED83D1F89606D008B1A19 /* test-sim.ini in CopyFiles */ = {isa = PBXBuildFile; fileRef = 412ED83C1F896060008B1A19 /* test-sim.ini */; };
		412ED83E1F89606F008B1A19 /* F.dat in CopyFiles */ = {isa = PBXBuildFile; fileRef = 412ED83B1F896060008B1A19 /* F.dat */; };
		412ED83F1F896071008B1A19 /* F_t.dat in CopyFiles */ = {isa = PBXBuildFile; fileRef = 412ED83A1F896060008B1A19 /* F_t.dat */; };
		413E077F1EDD4DAA000B8096 /* TWMCResults.cpp in Sources */ = {isa = PBXBuildFile; fileRef = 413E077D1EDD4DAA000B8096 /* TWMCResults.cpp */; };
		41887DD31F752FB800B2B819 /* DataStore.cpp in Sources */ = {isa = PBXBuildFile; fileRef = 41887DD11F752FB800B2B819 /* DataStore.cpp */; };
		41887DD61F75301E00B2B819 /* PincoFormatDataStore.cpp in Sources */ = {isa = PBXBuildFile; fileRef = 41887DD41F75301E00B2B819 /* PincoFormatDataStore.cpp */; };
		41887DD91F75494F00B2B819 /* TaskResultsFactory.cpp in Sources */ = {isa = PBXBuildFile; fileRef = 41887DD71F75494F00B2B819 /* TaskResultsFactory.cpp */; };
		41AC28E61ED6EBAD00483D1F /* DataSaver.cpp in Sources */ = {isa = PBXBuildFile; fileRef = 41AC28E41ED6EBAD00483D1F /* DataSaver.cpp */; };
		41AC28E91ED6EC2C00483D1F /* TrajectorySaver.cpp in Sources */ = {isa = PBXBuildFile; fileRef = 41AC28E71ED6EC2C00483D1F /* TrajectorySaver.cpp */; };
		41EB6D8A1DE0578400208099 /* main.cpp in Sources */ = {isa = PBXBuildFile; fileRef = 41EB6D891DE0578400208099 /* main.cpp */; };
		41F313C61ECE0DBA00621AB7 /* ThreadManager.cpp in Sources */ = {isa = PBXBuildFile; fileRef = 41F313C41ECE0DBA00621AB7 /* ThreadManager.cpp */; };
		41F313C91ECE0DC600621AB7 /* TWMCThreadManager.cpp in Sources */ = {isa = PBXBuildFile; fileRef = 41F313C71ECE0DC600621AB7 /* TWMCThreadManager.cpp */; };
		41F313CC1ECE0DD000621AB7 /* Manager.cpp in Sources */ = {isa = PBXBuildFile; fileRef = 41F313CA1ECE0DD000621AB7 /* Manager.cpp */; };
		41F313CF1ECE4CDF00621AB7 /* WorkerThread.cpp in Sources */ = {isa = PBXBuildFile; fileRef = 41FC8E4F1DE2426F007F461B /* WorkerThread.cpp */; };
/* End PBXBuildFile section */

/* Begin PBXCopyFilesBuildPhase section */
		41EB6D841DE0578400208099 /* CopyFiles */ = {
			isa = PBXCopyFilesBuildPhase;
			buildActionMask = 12;
			dstPath = "";
			dstSubfolderSpec = 16;
			files = (
				412ED83D1F89606D008B1A19 /* test-sim.ini in CopyFiles */,
				412ED83E1F89606F008B1A19 /* F.dat in CopyFiles */,
				412ED83F1F896071008B1A19 /* F_t.dat in CopyFiles */,
			);
			runOnlyForDeploymentPostprocessing = 0;
		};
/* End PBXCopyFilesBuildPhase section */

/* Begin PBXFileReference section */
		156BE7F21F7925D000B0EBB1 /* TWMCThermoSimulation.cpp */ = {isa = PBXFileReference; lastKnownFileType = sourcecode.cpp.cpp; path = TWMCThermoSimulation.cpp; sourceTree = "<group>"; };
		156BE7F31F7925D000B0EBB1 /* TWMCThermoSimulation.hpp */ = {isa = PBXFileReference; lastKnownFileType = sourcecode.cpp.h; path = TWMCThermoSimulation.hpp; sourceTree = "<group>"; };
		156BE7F51F7925E100B0EBB1 /* TWMCThermoThreadManager.cpp */ = {isa = PBXFileReference; lastKnownFileType = sourcecode.cpp.cpp; path = TWMCThermoThreadManager.cpp; sourceTree = "<group>"; };
		156BE7F61F7925E100B0EBB1 /* TWMCThermoThreadManager.hpp */ = {isa = PBXFileReference; lastKnownFileType = sourcecode.cpp.h; path = TWMCThermoThreadManager.hpp; sourceTree = "<group>"; };
		156BE7F81F79267600B0EBB1 /* TWMCThermoResults.cpp */ = {isa = PBXFileReference; lastKnownFileType = sourcecode.cpp.cpp; path = TWMCThermoResults.cpp; sourceTree = "<group>"; };
		156BE7F91F79267600B0EBB1 /* TWMCThermoResults.hpp */ = {isa = PBXFileReference; lastKnownFileType = sourcecode.cpp.h; path = TWMCThermoResults.hpp; sourceTree = "<group>"; };
		157040731E2FCB12000A1C52 /* EigenUtils.cpp */ = {isa = PBXFileReference; fileEncoding = 4; lastKnownFileType = sourcecode.cpp.cpp; path = EigenUtils.cpp; sourceTree = "<group>"; };
		157040741E2FCB12000A1C52 /* EigenUtils.hpp */ = {isa = PBXFileReference; fileEncoding = 4; lastKnownFileType = sourcecode.cpp.h; path = EigenUtils.hpp; sourceTree = "<group>"; };
		158926CE1EDDB1D900ACB233 /* TaskResults.cpp */ = {isa = PBXFileReference; fileEncoding = 4; lastKnownFileType = sourcecode.cpp.cpp; path = TaskResults.cpp; sourceTree = "<group>"; };
		158926CF1EDDB1D900ACB233 /* TaskResults.hpp */ = {isa = PBXFileReference; fileEncoding = 4; lastKnownFileType = sourcecode.cpp.h; path = TaskResults.hpp; sourceTree = "<group>"; };
		158926D21EDDB45A00ACB233 /* TaskData.cpp */ = {isa = PBXFileReference; fileEncoding = 4; lastKnownFileType = sourcecode.cpp.cpp; lineEnding = 0; path = TaskData.cpp; sourceTree = "<group>"; xcLanguageSpecificationIdentifier = xcode.lang.cpp; };
		158926D31EDDB45A00ACB233 /* TaskData.hpp */ = {isa = PBXFileReference; fileEncoding = 4; lastKnownFileType = sourcecode.cpp.h; lineEnding = 0; path = TaskData.hpp; sourceTree = "<group>"; xcLanguageSpecificationIdentifier = xcode.lang.cpp; };
		158926D61EDED27F00ACB233 /* TWMCAppendThreadManager.cpp */ = {isa = PBXFileReference; fileEncoding = 4; lastKnownFileType = sourcecode.cpp.cpp; path = TWMCAppendThreadManager.cpp; sourceTree = "<group>"; };
		158926D71EDED27F00ACB233 /* TWMCAppendThreadManager.hpp */ = {isa = PBXFileReference; fileEncoding = 4; lastKnownFileType = sourcecode.cpp.h; path = TWMCAppendThreadManager.hpp; sourceTree = "<group>"; };
		158C2E4F1F6BD56B0081B2BC /* ChunkRegister.cpp */ = {isa = PBXFileReference; fileEncoding = 4; lastKnownFileType = sourcecode.cpp.cpp; path = ChunkRegister.cpp; sourceTree = "<group>"; };
		158C2E501F6BD56B0081B2BC /* ChunkRegister.hpp */ = {isa = PBXFileReference; fileEncoding = 4; lastKnownFileType = sourcecode.cpp.h; path = ChunkRegister.hpp; sourceTree = "<group>"; };
		158C2E551F6C02D10081B2BC /* ChunkFileSet.cpp */ = {isa = PBXFileReference; fileEncoding = 4; lastKnownFileType = sourcecode.cpp.cpp; path = ChunkFileSet.cpp; sourceTree = "<group>"; };
		158C2E561F6C02D10081B2BC /* ChunkFileSet.hpp */ = {isa = PBXFileReference; fileEncoding = 4; lastKnownFileType = sourcecode.cpp.h; path = ChunkFileSet.hpp; sourceTree = "<group>"; };
		15CC1C671F84F261002E6118 /* NoisyMatrix.cpp */ = {isa = PBXFileReference; lastKnownFileType = sourcecode.cpp.cpp; path = NoisyMatrix.cpp; sourceTree = "<group>"; };
		15CC1C681F84F261002E6118 /* NoisyMatrix.hpp */ = {isa = PBXFileReference; lastKnownFileType = sourcecode.cpp.h; path = NoisyMatrix.hpp; sourceTree = "<group>"; };
		15CC1C6A1F8521A2002E6118 /* README.md */ = {isa = PBXFileReference; lastKnownFileType = net.daringfireball.markdown; path = README.md; sourceTree = "<group>"; };
		15CC1C6B1F852D24002E6118 /* FILE_Description.md */ = {isa = PBXFileReference; lastKnownFileType = net.daringfireball.markdown; path = FILE_Description.md; sourceTree = "<group>"; };
		15E19CB01ECCBC0B006520C8 /* Settings.cpp */ = {isa = PBXFileReference; fileEncoding = 4; lastKnownFileType = sourcecode.cpp.cpp; path = Settings.cpp; sourceTree = "<group>"; };
		15E19CB11ECCBC0B006520C8 /* Settings.hpp */ = {isa = PBXFileReference; fileEncoding = 4; lastKnownFileType = sourcecode.cpp.h; path = Settings.hpp; sourceTree = "<group>"; };
		15E200391ECCD020009B01A8 /* FsUtils.cpp */ = {isa = PBXFileReference; fileEncoding = 4; lastKnownFileType = sourcecode.cpp.cpp; path = FsUtils.cpp; sourceTree = "<group>"; };
		15E2003A1ECCD020009B01A8 /* FsUtils.hpp */ = {isa = PBXFileReference; fileEncoding = 4; lastKnownFileType = sourcecode.cpp.h; path = FsUtils.hpp; sourceTree = "<group>"; };
		15E28E281ECC987E00DEAF3F /* Task.cpp */ = {isa = PBXFileReference; fileEncoding = 4; lastKnownFileType = sourcecode.cpp.cpp; path = Task.cpp; sourceTree = "<group>"; };
		15E28E291ECC987E00DEAF3F /* Task.hpp */ = {isa = PBXFileReference; fileEncoding = 4; lastKnownFileType = sourcecode.cpp.h; lineEnding = 0; path = Task.hpp; sourceTree = "<group>"; xcLanguageSpecificationIdentifier = xcode.lang.cpp; };
		15E28E331ECC9C2B00DEAF3F /* TWMCSimulation.cpp */ = {isa = PBXFileReference; fileEncoding = 4; lastKnownFileType = sourcecode.cpp.cpp; lineEnding = 0; path = TWMCSimulation.cpp; sourceTree = "<group>"; xcLanguageSpecificationIdentifier = xcode.lang.cpp; };
		15E28E341ECC9C2B00DEAF3F /* TWMCSimulation.hpp */ = {isa = PBXFileReference; fileEncoding = 4; lastKnownFileType = sourcecode.cpp.h; lineEnding = 0; path = TWMCSimulation.hpp; sourceTree = "<group>"; xcLanguageSpecificationIdentifier = xcode.lang.cpp; };
		15E28E361ECC9C3900DEAF3F /* TWMCSimData.cpp */ = {isa = PBXFileReference; fileEncoding = 4; lastKnownFileType = sourcecode.cpp.cpp; lineEnding = 0; path = TWMCSimData.cpp; sourceTree = "<group>"; xcLanguageSpecificationIdentifier = xcode.lang.cpp; };
		15E28E371ECC9C3900DEAF3F /* TWMCSimData.hpp */ = {isa = PBXFileReference; fileEncoding = 4; lastKnownFileType = sourcecode.cpp.h; lineEnding = 0; path = TWMCSimData.hpp; sourceTree = "<group>"; xcLanguageSpecificationIdentifier = xcode.lang.cpp; };
		15E28E391ECC9DD000DEAF3F /* TWMCTypes.h */ = {isa = PBXFileReference; lastKnownFileType = sourcecode.c.h; path = TWMCTypes.h; sourceTree = "<group>"; };
		410770221ECCFA720004675C /* CustomTypes.h */ = {isa = PBXFileReference; lastKnownFileType = sourcecode.c.h; path = CustomTypes.h; sourceTree = "<group>"; };
		411FE8EE1ED39B2C00595C7A /* ManagerFactory.cpp */ = {isa = PBXFileReference; fileEncoding = 4; lastKnownFileType = sourcecode.cpp.cpp; path = ManagerFactory.cpp; sourceTree = "<group>"; };
		411FE8EF1ED39B2C00595C7A /* ManagerFactory.hpp */ = {isa = PBXFileReference; fileEncoding = 4; lastKnownFileType = sourcecode.cpp.h; path = ManagerFactory.hpp; sourceTree = "<group>"; };
		412ED8391F896060008B1A19 /* runsims.m */ = {isa = PBXFileReference; lastKnownFileType = sourcecode.c.objc; path = runsims.m; sourceTree = "<group>"; };
		412ED83A1F896060008B1A19 /* F_t.dat */ = {isa = PBXFileReference; lastKnownFileType = text; path = F_t.dat; sourceTree = "<group>"; };
		412ED83B1F896060008B1A19 /* F.dat */ = {isa = PBXFileReference; lastKnownFileType = text; path = F.dat; sourceTree = "<group>"; };
		412ED83C1F896060008B1A19 /* test-sim.ini */ = {isa = PBXFileReference; lastKnownFileType = text; path = "test-sim.ini"; sourceTree = "<group>"; };
		413E077D1EDD4DAA000B8096 /* TWMCResults.cpp */ = {isa = PBXFileReference; fileEncoding = 4; lastKnownFileType = sourcecode.cpp.cpp; lineEnding = 0; path = TWMCResults.cpp; sourceTree = "<group>"; xcLanguageSpecificationIdentifier = xcode.lang.cpp; };
		413E077E1EDD4DAA000B8096 /* TWMCResults.hpp */ = {isa = PBXFileReference; fileEncoding = 4; lastKnownFileType = sourcecode.cpp.h; lineEnding = 0; path = TWMCResults.hpp; sourceTree = "<group>"; xcLanguageSpecificationIdentifier = xcode.lang.cpp; };
		41887DD11F752FB800B2B819 /* DataStore.cpp */ = {isa = PBXFileReference; fileEncoding = 4; lastKnownFileType = sourcecode.cpp.cpp; path = DataStore.cpp; sourceTree = "<group>"; };
		41887DD21F752FB800B2B819 /* DataStore.hpp */ = {isa = PBXFileReference; fileEncoding = 4; lastKnownFileType = sourcecode.cpp.h; path = DataStore.hpp; sourceTree = "<group>"; };
		41887DD41F75301E00B2B819 /* PincoFormatDataStore.cpp */ = {isa = PBXFileReference; fileEncoding = 4; lastKnownFileType = sourcecode.cpp.cpp; path = PincoFormatDataStore.cpp; sourceTree = "<group>"; };
		41887DD51F75301E00B2B819 /* PincoFormatDataStore.hpp */ = {isa = PBXFileReference; fileEncoding = 4; lastKnownFileType = sourcecode.cpp.h; path = PincoFormatDataStore.hpp; sourceTree = "<group>"; };
		41887DD71F75494F00B2B819 /* TaskResultsFactory.cpp */ = {isa = PBXFileReference; fileEncoding = 4; lastKnownFileType = sourcecode.cpp.cpp; path = TaskResultsFactory.cpp; sourceTree = "<group>"; };
		41887DD81F75494F00B2B819 /* TaskResultsFactory.hpp */ = {isa = PBXFileReference; fileEncoding = 4; lastKnownFileType = sourcecode.cpp.h; path = TaskResultsFactory.hpp; sourceTree = "<group>"; };
		41AC28E41ED6EBAD00483D1F /* DataSaver.cpp */ = {isa = PBXFileReference; fileEncoding = 4; lastKnownFileType = sourcecode.cpp.cpp; lineEnding = 0; path = DataSaver.cpp; sourceTree = "<group>"; xcLanguageSpecificationIdentifier = xcode.lang.cpp; };
		41AC28E51ED6EBAD00483D1F /* DataSaver.hpp */ = {isa = PBXFileReference; fileEncoding = 4; lastKnownFileType = sourcecode.cpp.h; lineEnding = 0; path = DataSaver.hpp; sourceTree = "<group>"; xcLanguageSpecificationIdentifier = xcode.lang.cpp; };
		41AC28E71ED6EC2C00483D1F /* TrajectorySaver.cpp */ = {isa = PBXFileReference; fileEncoding = 4; lastKnownFileType = sourcecode.cpp.cpp; lineEnding = 0; path = TrajectorySaver.cpp; sourceTree = "<group>"; xcLanguageSpecificationIdentifier = xcode.lang.cpp; };
		41AC28E81ED6EC2C00483D1F /* TrajectorySaver.hpp */ = {isa = PBXFileReference; fileEncoding = 4; lastKnownFileType = sourcecode.cpp.h; lineEnding = 0; path = TrajectorySaver.hpp; sourceTree = "<group>"; xcLanguageSpecificationIdentifier = xcode.lang.cpp; };
		41EB6D861DE0578400208099 /* TWMC++ */ = {isa = PBXFileReference; explicitFileType = "compiled.mach-o.executable"; includeInIndex = 0; path = "TWMC++"; sourceTree = BUILT_PRODUCTS_DIR; };
		41EB6D891DE0578400208099 /* main.cpp */ = {isa = PBXFileReference; lastKnownFileType = sourcecode.cpp.cpp; path = main.cpp; sourceTree = "<group>"; };
		41F313C41ECE0DBA00621AB7 /* ThreadManager.cpp */ = {isa = PBXFileReference; fileEncoding = 4; lastKnownFileType = sourcecode.cpp.cpp; path = ThreadManager.cpp; sourceTree = "<group>"; };
		41F313C51ECE0DBA00621AB7 /* ThreadManager.hpp */ = {isa = PBXFileReference; fileEncoding = 4; lastKnownFileType = sourcecode.cpp.h; path = ThreadManager.hpp; sourceTree = "<group>"; };
		41F313C71ECE0DC600621AB7 /* TWMCThreadManager.cpp */ = {isa = PBXFileReference; fileEncoding = 4; lastKnownFileType = sourcecode.cpp.cpp; lineEnding = 0; path = TWMCThreadManager.cpp; sourceTree = "<group>"; xcLanguageSpecificationIdentifier = xcode.lang.cpp; };
		41F313C81ECE0DC600621AB7 /* TWMCThreadManager.hpp */ = {isa = PBXFileReference; fileEncoding = 4; lastKnownFileType = sourcecode.cpp.h; lineEnding = 0; path = TWMCThreadManager.hpp; sourceTree = "<group>"; xcLanguageSpecificationIdentifier = xcode.lang.cpp; };
		41F313CA1ECE0DD000621AB7 /* Manager.cpp */ = {isa = PBXFileReference; fileEncoding = 4; lastKnownFileType = sourcecode.cpp.cpp; path = Manager.cpp; sourceTree = "<group>"; };
		41F313CB1ECE0DD000621AB7 /* Manager.hpp */ = {isa = PBXFileReference; fileEncoding = 4; lastKnownFileType = sourcecode.cpp.h; path = Manager.hpp; sourceTree = "<group>"; };
		41F313CE1ECE4CDA00621AB7 /* concurrentqueue.h */ = {isa = PBXFileReference; lastKnownFileType = sourcecode.c.h; path = concurrentqueue.h; sourceTree = "<group>"; };
		41FC8E4F1DE2426F007F461B /* WorkerThread.cpp */ = {isa = PBXFileReference; fileEncoding = 4; lastKnownFileType = sourcecode.cpp.cpp; path = WorkerThread.cpp; sourceTree = "<group>"; };
		41FC8E501DE2426F007F461B /* WorkerThread.hpp */ = {isa = PBXFileReference; fileEncoding = 4; lastKnownFileType = sourcecode.cpp.h; path = WorkerThread.hpp; sourceTree = "<group>"; };
/* End PBXFileReference section */

/* Begin PBXFrameworksBuildPhase section */
		41EB6D831DE0578400208099 /* Frameworks */ = {
			isa = PBXFrameworksBuildPhase;
			buildActionMask = 2147483647;
			files = (
			);
			runOnlyForDeploymentPostprocessing = 0;
		};
/* End PBXFrameworksBuildPhase section */

/* Begin PBXGroup section */
		150B41291F87BE0700A43247 /* src */ = {
			isa = PBXGroup;
			children = (
				150B41481F87C64400A43247 /* ThreadedManager */,
				150B41441F87C5E400A43247 /* TWMC */,
				150B41431F87C5DB00A43247 /* Libraries */,
				150B413F1F87C5A000A43247 /* Base */,
				41EB6D891DE0578400208099 /* main.cpp */,
			);
			path = src;
			sourceTree = "<group>";
		};
		150B413F1F87C5A000A43247 /* Base */ = {
			isa = PBXGroup;
			children = (
				150B41421F87C5C100A43247 /* Factories */,
				150B41411F87C5B400A43247 /* FileFormats */,
				150B41401F87C5B000A43247 /* Utils */,
				410770221ECCFA720004675C /* CustomTypes.h */,
				158926CE1EDDB1D900ACB233 /* TaskResults.cpp */,
				158926CF1EDDB1D900ACB233 /* TaskResults.hpp */,
				158926D21EDDB45A00ACB233 /* TaskData.cpp */,
				158926D31EDDB45A00ACB233 /* TaskData.hpp */,
				15E28E281ECC987E00DEAF3F /* Task.cpp */,
				15E28E291ECC987E00DEAF3F /* Task.hpp */,
				41F313CA1ECE0DD000621AB7 /* Manager.cpp */,
				41F313CB1ECE0DD000621AB7 /* Manager.hpp */,
				41AC28E41ED6EBAD00483D1F /* DataSaver.cpp */,
				41AC28E51ED6EBAD00483D1F /* DataSaver.hpp */,
				15E19CB01ECCBC0B006520C8 /* Settings.cpp */,
				15E19CB11ECCBC0B006520C8 /* Settings.hpp */,
				15CC1C671F84F261002E6118 /* NoisyMatrix.cpp */,
				15CC1C681F84F261002E6118 /* NoisyMatrix.hpp */,
			);
			path = Base;
			sourceTree = "<group>";
		};
		150B41401F87C5B000A43247 /* Utils */ = {
			isa = PBXGroup;
			children = (
				157040731E2FCB12000A1C52 /* EigenUtils.cpp */,
				157040741E2FCB12000A1C52 /* EigenUtils.hpp */,
				15E200391ECCD020009B01A8 /* FsUtils.cpp */,
				15E2003A1ECCD020009B01A8 /* FsUtils.hpp */,
			);
			path = Utils;
			sourceTree = "<group>";
		};
		150B41411F87C5B400A43247 /* FileFormats */ = {
			isa = PBXGroup;
			children = (
				15CC1C6B1F852D24002E6118 /* FILE_Description.md */,
				41887DD11F752FB800B2B819 /* DataStore.cpp */,
				41887DD21F752FB800B2B819 /* DataStore.hpp */,
				41887DD41F75301E00B2B819 /* PincoFormatDataStore.cpp */,
				41887DD51F75301E00B2B819 /* PincoFormatDataStore.hpp */,
				158C2E4F1F6BD56B0081B2BC /* ChunkRegister.cpp */,
				158C2E501F6BD56B0081B2BC /* ChunkRegister.hpp */,
				158C2E551F6C02D10081B2BC /* ChunkFileSet.cpp */,
				158C2E561F6C02D10081B2BC /* ChunkFileSet.hpp */,
			);
			path = FileFormats;
			sourceTree = "<group>";
		};
		150B41421F87C5C100A43247 /* Factories */ = {
			isa = PBXGroup;
			children = (
				41887DD71F75494F00B2B819 /* TaskResultsFactory.cpp */,
				41887DD81F75494F00B2B819 /* TaskResultsFactory.hpp */,
				411FE8EE1ED39B2C00595C7A /* ManagerFactory.cpp */,
				411FE8EF1ED39B2C00595C7A /* ManagerFactory.hpp */,
			);
			path = Factories;
			sourceTree = "<group>";
		};
		150B41431F87C5DB00A43247 /* Libraries */ = {
			isa = PBXGroup;
			children = (
				41F313CE1ECE4CDA00621AB7 /* concurrentqueue.h */,
			);
			path = Libraries;
			sourceTree = "<group>";
		};
		150B41441F87C5E400A43247 /* TWMC */ = {
			isa = PBXGroup;
			children = (
				150B41451F87C5E700A43247 /* SimpleTWMC */,
				150B41471F87C5F100A43247 /* ThermoTWMC */,
				150B41461F87C5EC00A43247 /* AppendTWMC */,
				15E28E391ECC9DD000DEAF3F /* TWMCTypes.h */,
				41F313C71ECE0DC600621AB7 /* TWMCThreadManager.cpp */,
				41F313C81ECE0DC600621AB7 /* TWMCThreadManager.hpp */,
				41AC28E71ED6EC2C00483D1F /* TrajectorySaver.cpp */,
				41AC28E81ED6EC2C00483D1F /* TrajectorySaver.hpp */,
			);
			path = TWMC;
			sourceTree = "<group>";
		};
		150B41451F87C5E700A43247 /* SimpleTWMC */ = {
			isa = PBXGroup;
			children = (
				413E077D1EDD4DAA000B8096 /* TWMCResults.cpp */,
				413E077E1EDD4DAA000B8096 /* TWMCResults.hpp */,
				15E28E361ECC9C3900DEAF3F /* TWMCSimData.cpp */,
				15E28E371ECC9C3900DEAF3F /* TWMCSimData.hpp */,
				15E28E331ECC9C2B00DEAF3F /* TWMCSimulation.cpp */,
				15E28E341ECC9C2B00DEAF3F /* TWMCSimulation.hpp */,
			);
			path = SimpleTWMC;
			sourceTree = "<group>";
		};
		150B41461F87C5EC00A43247 /* AppendTWMC */ = {
			isa = PBXGroup;
			children = (
				158926D61EDED27F00ACB233 /* TWMCAppendThreadManager.cpp */,
				158926D71EDED27F00ACB233 /* TWMCAppendThreadManager.hpp */,
			);
			path = AppendTWMC;
			sourceTree = "<group>";
		};
		150B41471F87C5F100A43247 /* ThermoTWMC */ = {
			isa = PBXGroup;
			children = (
				156BE7F81F79267600B0EBB1 /* TWMCThermoResults.cpp */,
				156BE7F91F79267600B0EBB1 /* TWMCThermoResults.hpp */,
				156BE7F21F7925D000B0EBB1 /* TWMCThermoSimulation.cpp */,
				156BE7F31F7925D000B0EBB1 /* TWMCThermoSimulation.hpp */,
				156BE7F51F7925E100B0EBB1 /* TWMCThermoThreadManager.cpp */,
				156BE7F61F7925E100B0EBB1 /* TWMCThermoThreadManager.hpp */,
			);
			path = ThermoTWMC;
			sourceTree = "<group>";
		};
		150B41481F87C64400A43247 /* ThreadedManager */ = {
			isa = PBXGroup;
			children = (
				41FC8E4F1DE2426F007F461B /* WorkerThread.cpp */,
				41FC8E501DE2426F007F461B /* WorkerThread.hpp */,
				41F313C41ECE0DBA00621AB7 /* ThreadManager.cpp */,
				41F313C51ECE0DBA00621AB7 /* ThreadManager.hpp */,
			);
			path = ThreadedManager;
			sourceTree = "<group>";
		};
		4155D17F1F8A773900B98949 /* SampleData */ = {
			isa = PBXGroup;
			children = (
				412ED83A1F896060008B1A19 /* F_t.dat */,
				412ED83B1F896060008B1A19 /* F.dat */,
				412ED8391F896060008B1A19 /* runsims.m */,
				412ED83C1F896060008B1A19 /* test-sim.ini */,
			);
			path = SampleData;
			sourceTree = "<group>";
		};
		41EB6D7D1DE0578400208099 = {
			isa = PBXGroup;
			children = (
				4155D17F1F8A773900B98949 /* SampleData */,
				150B41291F87BE0700A43247 /* src */,
				41EB6D871DE0578400208099 /* Products */,
				15CC1C6A1F8521A2002E6118 /* README.md */,
			);
			sourceTree = "<group>";
		};
		41EB6D871DE0578400208099 /* Products */ = {
			isa = PBXGroup;
			children = (
				41EB6D861DE0578400208099 /* TWMC++ */,
			);
			name = Products;
			sourceTree = "<group>";
		};
/* End PBXGroup section */

/* Begin PBXNativeTarget section */
		41EB6D851DE0578400208099 /* TWMC++ */ = {
			isa = PBXNativeTarget;
			buildConfigurationList = 41EB6D8D1DE0578400208099 /* Build configuration list for PBXNativeTarget "TWMC++" */;
			buildPhases = (
				41EB6D821DE0578400208099 /* Sources */,
				41EB6D831DE0578400208099 /* Frameworks */,
				41EB6D841DE0578400208099 /* CopyFiles */,
				156DF41D1E5DC54C00AACA63 /* ShellScript */,
			);
			buildRules = (
			);
			dependencies = (
			);
			name = "TWMC++";
			productName = "TWMC-test";
			productReference = 41EB6D861DE0578400208099 /* TWMC++ */;
			productType = "com.apple.product-type.tool";
		};
/* End PBXNativeTarget section */

/* Begin PBXProject section */
		41EB6D7E1DE0578400208099 /* Project object */ = {
			isa = PBXProject;
			attributes = {
				LastUpgradeCheck = 0820;
				ORGANIZATIONNAME = "Filippo Vicentini";
				TargetAttributes = {
					41EB6D851DE0578400208099 = {
						CreatedOnToolsVersion = 8.1;
						ProvisioningStyle = Automatic;
					};
				};
			};
			buildConfigurationList = 41EB6D811DE0578400208099 /* Build configuration list for PBXProject "TWMC++" */;
			compatibilityVersion = "Xcode 3.2";
			developmentRegion = English;
			hasScannedForEncodings = 0;
			knownRegions = (
				en,
			);
			mainGroup = 41EB6D7D1DE0578400208099;
			productRefGroup = 41EB6D871DE0578400208099 /* Products */;
			projectDirPath = "";
			projectRoot = "";
			targets = (
				41EB6D851DE0578400208099 /* TWMC++ */,
			);
		};
/* End PBXProject section */

/* Begin PBXShellScriptBuildPhase section */
		156DF41D1E5DC54C00AACA63 /* ShellScript */ = {
			isa = PBXShellScriptBuildPhase;
			buildActionMask = 2147483647;
			files = (
			);
			inputPaths = (
			);
			outputPaths = (
			);
			runOnlyForDeploymentPostprocessing = 0;
			shellPath = /bin/bash;
			shellScript = "# alias g++='g++  -stdlib=libc++'\n# make";
		};
/* End PBXShellScriptBuildPhase section */

/* Begin PBXSourcesBuildPhase section */
		41EB6D821DE0578400208099 /* Sources */ = {
			isa = PBXSourcesBuildPhase;
			buildActionMask = 2147483647;
			files = (
				41F313C91ECE0DC600621AB7 /* TWMCThreadManager.cpp in Sources */,
				413E077F1EDD4DAA000B8096 /* TWMCResults.cpp in Sources */,
				41F313C61ECE0DBA00621AB7 /* ThreadManager.cpp in Sources */,
				158C2E511F6BD56B0081B2BC /* ChunkRegister.cpp in Sources */,
				158926D01EDDB1D900ACB233 /* TaskResults.cpp in Sources */,
				158926D81EDED27F00ACB233 /* TWMCAppendThreadManager.cpp in Sources */,
				411FE8F11ED3AC5B00595C7A /* TWMCSimData.cpp in Sources */,
				15E28E2A1ECC987E00DEAF3F /* Task.cpp in Sources */,
				156BE7F41F7925D000B0EBB1 /* TWMCThermoSimulation.cpp in Sources */,
				41887DD61F75301E00B2B819 /* PincoFormatDataStore.cpp in Sources */,
				41EB6D8A1DE0578400208099 /* main.cpp in Sources */,
				15E19CB21ECCBC0B006520C8 /* Settings.cpp in Sources */,
				156BE7FA1F79267600B0EBB1 /* TWMCThermoResults.cpp in Sources */,
				41F313CC1ECE0DD000621AB7 /* Manager.cpp in Sources */,
				411FE8F31ED3AC7700595C7A /* EigenUtils.cpp in Sources */,
				15E2003B1ECCD020009B01A8 /* FsUtils.cpp in Sources */,
				15CC1C691F84F261002E6118 /* NoisyMatrix.cpp in Sources */,
				158926D41EDDB45A00ACB233 /* TaskData.cpp in Sources */,
				411FE8F21ED3AC5E00595C7A /* TWMCSimulation.cpp in Sources */,
				41AC28E91ED6EC2C00483D1F /* TrajectorySaver.cpp in Sources */,
				41F313CF1ECE4CDF00621AB7 /* WorkerThread.cpp in Sources */,
				41887DD91F75494F00B2B819 /* TaskResultsFactory.cpp in Sources */,
				156BE7F71F7925E100B0EBB1 /* TWMCThermoThreadManager.cpp in Sources */,
				411FE8F01ED39B2C00595C7A /* ManagerFactory.cpp in Sources */,
				158C2E571F6C02D10081B2BC /* ChunkFileSet.cpp in Sources */,
				41887DD31F752FB800B2B819 /* DataStore.cpp in Sources */,
				41AC28E61ED6EBAD00483D1F /* DataSaver.cpp in Sources */,
			);
			runOnlyForDeploymentPostprocessing = 0;
		};
/* End PBXSourcesBuildPhase section */

/* Begin XCBuildConfiguration section */
		41EB6D8B1DE0578400208099 /* Debug */ = {
			isa = XCBuildConfiguration;
			buildSettings = {
				ALWAYS_SEARCH_USER_PATHS = NO;
				CLANG_ANALYZER_NONNULL = YES;
				CLANG_CXX_LANGUAGE_STANDARD = "gnu++0x";
				CLANG_CXX_LIBRARY = "libc++";
				CLANG_ENABLE_MODULES = YES;
				CLANG_ENABLE_OBJC_ARC = YES;
				CLANG_WARN_BOOL_CONVERSION = YES;
				CLANG_WARN_CONSTANT_CONVERSION = YES;
				CLANG_WARN_DIRECT_OBJC_ISA_USAGE = YES_ERROR;
				CLANG_WARN_DOCUMENTATION_COMMENTS = YES;
				CLANG_WARN_EMPTY_BODY = YES;
				CLANG_WARN_ENUM_CONVERSION = YES;
				CLANG_WARN_INFINITE_RECURSION = YES;
				CLANG_WARN_INT_CONVERSION = YES;
				CLANG_WARN_OBJC_ROOT_CLASS = YES_ERROR;
				CLANG_WARN_SUSPICIOUS_MOVE = YES;
				CLANG_WARN_SUSPICIOUS_MOVES = YES;
				CLANG_WARN_UNREACHABLE_CODE = YES;
				CLANG_WARN__DUPLICATE_METHOD_MATCH = YES;
				CODE_SIGN_IDENTITY = "-";
				COPY_PHASE_STRIP = NO;
				DEBUG_INFORMATION_FORMAT = dwarf;
				ENABLE_STRICT_OBJC_MSGSEND = YES;
				ENABLE_TESTABILITY = YES;
				GCC_C_LANGUAGE_STANDARD = gnu99;
				GCC_DYNAMIC_NO_PIC = NO;
				GCC_NO_COMMON_BLOCKS = YES;
				GCC_OPTIMIZATION_LEVEL = 0;
				GCC_PREPROCESSOR_DEFINITIONS = (
					"DEBUG=1",
					"$(inherited)",
				);
				GCC_WARN_64_TO_32_BIT_CONVERSION = YES;
				GCC_WARN_ABOUT_RETURN_TYPE = YES_ERROR;
				GCC_WARN_UNDECLARED_SELECTOR = YES;
				GCC_WARN_UNINITIALIZED_AUTOS = YES_AGGRESSIVE;
				GCC_WARN_UNUSED_FUNCTION = YES;
				GCC_WARN_UNUSED_VARIABLE = YES;
				MACOSX_DEPLOYMENT_TARGET = 10.10;
				MTL_ENABLE_DEBUG_INFO = YES;
				ONLY_ACTIVE_ARCH = YES;
				SDKROOT = macosx;
			};
			name = Debug;
		};
		41EB6D8C1DE0578400208099 /* Release */ = {
			isa = XCBuildConfiguration;
			buildSettings = {
				ALWAYS_SEARCH_USER_PATHS = NO;
				CLANG_ANALYZER_NONNULL = YES;
				CLANG_CXX_LANGUAGE_STANDARD = "gnu++0x";
				CLANG_CXX_LIBRARY = "libc++";
				CLANG_ENABLE_MODULES = YES;
				CLANG_ENABLE_OBJC_ARC = YES;
				CLANG_WARN_BOOL_CONVERSION = YES;
				CLANG_WARN_CONSTANT_CONVERSION = YES;
				CLANG_WARN_DIRECT_OBJC_ISA_USAGE = YES_ERROR;
				CLANG_WARN_DOCUMENTATION_COMMENTS = YES;
				CLANG_WARN_EMPTY_BODY = YES;
				CLANG_WARN_ENUM_CONVERSION = YES;
				CLANG_WARN_INFINITE_RECURSION = YES;
				CLANG_WARN_INT_CONVERSION = YES;
				CLANG_WARN_OBJC_ROOT_CLASS = YES_ERROR;
				CLANG_WARN_SUSPICIOUS_MOVE = YES;
				CLANG_WARN_SUSPICIOUS_MOVES = YES;
				CLANG_WARN_UNREACHABLE_CODE = YES;
				CLANG_WARN__DUPLICATE_METHOD_MATCH = YES;
				CODE_SIGN_IDENTITY = "-";
				COPY_PHASE_STRIP = NO;
				DEBUG_INFORMATION_FORMAT = "dwarf-with-dsym";
				ENABLE_NS_ASSERTIONS = NO;
				ENABLE_STRICT_OBJC_MSGSEND = YES;
				GCC_C_LANGUAGE_STANDARD = gnu99;
				GCC_NO_COMMON_BLOCKS = YES;
				GCC_OPTIMIZATION_LEVEL = fast;
				GCC_WARN_64_TO_32_BIT_CONVERSION = YES;
				GCC_WARN_ABOUT_RETURN_TYPE = YES_ERROR;
				GCC_WARN_UNDECLARED_SELECTOR = YES;
				GCC_WARN_UNINITIALIZED_AUTOS = YES_AGGRESSIVE;
				GCC_WARN_UNUSED_FUNCTION = YES;
				GCC_WARN_UNUSED_VARIABLE = YES;
				MACOSX_DEPLOYMENT_TARGET = 10.10;
				MTL_ENABLE_DEBUG_INFO = NO;
				SDKROOT = macosx;
			};
			name = Release;
		};
		41EB6D8E1DE0578400208099 /* Debug */ = {
			isa = XCBuildConfiguration;
			buildSettings = {
				HEADER_SEARCH_PATHS = (
					/usr/local/include,
					/usr/local/include/eigen3/,
				);
				LIBRARY_SEARCH_PATHS = /usr/local/lib;
				MACOSX_DEPLOYMENT_TARGET = 10.8;
				OTHER_LDFLAGS = (
					"-lfftw3_threads",
					"-lfftw3",
					"-lm",
					"-lboost_program_options",
					"-lboost_filesystem",
					"-lboost_system",
				);
				PRODUCT_NAME = "$(TARGET_NAME)";
			};
			name = Debug;
		};
		41EB6D8F1DE0578400208099 /* Release */ = {
			isa = XCBuildConfiguration;
			buildSettings = {
				HEADER_SEARCH_PATHS = (
					/usr/local/include,
					/usr/local/include/eigen3/,
				);
				LIBRARY_SEARCH_PATHS = /usr/local/lib;
				MACOSX_DEPLOYMENT_TARGET = 10.8;
				OTHER_LDFLAGS = (
					"-lfftw3_threads",
					"-lfftw3",
					"-lm",
					"-lboost_program_options",
					"-lboost_filesystem",
					"-lboost_system",
				);
				PRODUCT_NAME = "$(TARGET_NAME)";
			};
			name = Release;
		};
/* End XCBuildConfiguration section */

/* Begin XCConfigurationList section */
		41EB6D811DE0578400208099 /* Build configuration list for PBXProject "TWMC++" */ = {
			isa = XCConfigurationList;
			buildConfigurations = (
				41EB6D8B1DE0578400208099 /* Debug */,
				41EB6D8C1DE0578400208099 /* Release */,
			);
			defaultConfigurationIsVisible = 0;
			defaultConfigurationName = Release;
		};
		41EB6D8D1DE0578400208099 /* Build configuration list for PBXNativeTarget "TWMC++" */ = {
			isa = XCConfigurationList;
			buildConfigurations = (
				41EB6D8E1DE0578400208099 /* Debug */,
				41EB6D8F1DE0578400208099 /* Release */,
			);
			defaultConfigurationIsVisible = 0;
			defaultConfigurationName = Release;
		};
/* End XCConfigurationList section */
	};
	rootObject = 41EB6D7E1DE0578400208099 /* Project object */;
}
